// !$*UTF8*$!
{
	archiveVersion = 1;
	classes = {
	};
	objectVersion = 50;
	objects = {

/* Begin PBXBuildFile section */
		5CDEB75A2257B75A00CBE98F /* AppDelegate.swift in Sources */ = {isa = PBXBuildFile; fileRef = 5CDEB7592257B75A00CBE98F /* AppDelegate.swift */; };
		5CDEB75C2257B75A00CBE98F /* ViewController.swift in Sources */ = {isa = PBXBuildFile; fileRef = 5CDEB75B2257B75A00CBE98F /* ViewController.swift */; };
		5CDEB75F2257B75A00CBE98F /* Main.storyboard in Resources */ = {isa = PBXBuildFile; fileRef = 5CDEB75D2257B75A00CBE98F /* Main.storyboard */; };
		5CDEB7612257B75B00CBE98F /* Assets.xcassets in Resources */ = {isa = PBXBuildFile; fileRef = 5CDEB7602257B75B00CBE98F /* Assets.xcassets */; };
		5CDEB7642257B75B00CBE98F /* LaunchScreen.storyboard in Resources */ = {isa = PBXBuildFile; fileRef = 5CDEB7622257B75B00CBE98F /* LaunchScreen.storyboard */; };
		5CDEB76E2257C0D800CBE98F /* TabBarController.swift in Sources */ = {isa = PBXBuildFile; fileRef = 5CDEB76D2257C0D800CBE98F /* TabBarController.swift */; };
		5CDEB7702257C41500CBE98F /* NavigationController.swift in Sources */ = {isa = PBXBuildFile; fileRef = 5CDEB76F2257C41500CBE98F /* NavigationController.swift */; };
		5CDEB7722257CA5900CBE98F /* TableViewCell.swift in Sources */ = {isa = PBXBuildFile; fileRef = 5CDEB7712257CA5900CBE98F /* TableViewCell.swift */; };
		5CDEB7762257CBA000CBE98F /* InfoModel.swift in Sources */ = {isa = PBXBuildFile; fileRef = 5CDEB7752257CBA000CBE98F /* InfoModel.swift */; };
/* End PBXBuildFile section */

/* Begin PBXFileReference section */
		5CDEB7562257B75A00CBE98F /* AXApp.app */ = {isa = PBXFileReference; explicitFileType = wrapper.application; includeInIndex = 0; path = AXApp.app; sourceTree = BUILT_PRODUCTS_DIR; };
		5CDEB7592257B75A00CBE98F /* AppDelegate.swift */ = {isa = PBXFileReference; lastKnownFileType = sourcecode.swift; path = AppDelegate.swift; sourceTree = "<group>"; };
		5CDEB75B2257B75A00CBE98F /* ViewController.swift */ = {isa = PBXFileReference; lastKnownFileType = sourcecode.swift; path = ViewController.swift; sourceTree = "<group>"; };
		5CDEB75E2257B75A00CBE98F /* Base */ = {isa = PBXFileReference; lastKnownFileType = file.storyboard; name = Base; path = Base.lproj/Main.storyboard; sourceTree = "<group>"; };
		5CDEB7602257B75B00CBE98F /* Assets.xcassets */ = {isa = PBXFileReference; lastKnownFileType = folder.assetcatalog; path = Assets.xcassets; sourceTree = "<group>"; };
		5CDEB7632257B75B00CBE98F /* Base */ = {isa = PBXFileReference; lastKnownFileType = file.storyboard; name = Base; path = Base.lproj/LaunchScreen.storyboard; sourceTree = "<group>"; };
		5CDEB7652257B75B00CBE98F /* Info.plist */ = {isa = PBXFileReference; lastKnownFileType = text.plist.xml; path = Info.plist; sourceTree = "<group>"; };
		5CDEB76D2257C0D800CBE98F /* TabBarController.swift */ = {isa = PBXFileReference; lastKnownFileType = sourcecode.swift; path = TabBarController.swift; sourceTree = "<group>"; };
		5CDEB76F2257C41500CBE98F /* NavigationController.swift */ = {isa = PBXFileReference; lastKnownFileType = sourcecode.swift; path = NavigationController.swift; sourceTree = "<group>"; };
		5CDEB7712257CA5900CBE98F /* TableViewCell.swift */ = {isa = PBXFileReference; lastKnownFileType = sourcecode.swift; path = TableViewCell.swift; sourceTree = "<group>"; };
		5CDEB7752257CBA000CBE98F /* InfoModel.swift */ = {isa = PBXFileReference; lastKnownFileType = sourcecode.swift; path = InfoModel.swift; sourceTree = "<group>"; };
/* End PBXFileReference section */

/* Begin PBXFrameworksBuildPhase section */
		5CDEB7532257B75A00CBE98F /* Frameworks */ = {
			isa = PBXFrameworksBuildPhase;
			buildActionMask = 2147483647;
			files = (
			);
			runOnlyForDeploymentPostprocessing = 0;
		};
/* End PBXFrameworksBuildPhase section */

/* Begin PBXGroup section */
		5CDEB74D2257B75A00CBE98F = {
			isa = PBXGroup;
			children = (
				5CDEB7582257B75A00CBE98F /* AXApp */,
				5CDEB7572257B75A00CBE98F /* Products */,
			);
			sourceTree = "<group>";
		};
		5CDEB7572257B75A00CBE98F /* Products */ = {
			isa = PBXGroup;
			children = (
				5CDEB7562257B75A00CBE98F /* AXApp.app */,
			);
			name = Products;
			sourceTree = "<group>";
		};
		5CDEB7582257B75A00CBE98F /* AXApp */ = {
			isa = PBXGroup;
			children = (
				5CDEB7742257CB8800CBE98F /* Model */,
				5CDEB7732257CA5D00CBE98F /* View */,
				5CDEB76C2257BA7200CBE98F /* Support */,
				5CDEB76B2257BA5900CBE98F /* Controller */,
				5CDEB75D2257B75A00CBE98F /* Main.storyboard */,
				5CDEB7602257B75B00CBE98F /* Assets.xcassets */,
				5CDEB7622257B75B00CBE98F /* LaunchScreen.storyboard */,
			);
			path = AXApp;
			sourceTree = "<group>";
		};
		5CDEB76B2257BA5900CBE98F /* Controller */ = {
			isa = PBXGroup;
			children = (
				5CDEB75B2257B75A00CBE98F /* ViewController.swift */,
				5CDEB76D2257C0D800CBE98F /* TabBarController.swift */,
				5CDEB76F2257C41500CBE98F /* NavigationController.swift */,
			);
			path = Controller;
			sourceTree = "<group>";
		};
		5CDEB76C2257BA7200CBE98F /* Support */ = {
			isa = PBXGroup;
			children = (
				5CDEB7592257B75A00CBE98F /* AppDelegate.swift */,
				5CDEB7652257B75B00CBE98F /* Info.plist */,
			);
			path = Support;
			sourceTree = "<group>";
		};
		5CDEB7732257CA5D00CBE98F /* View */ = {
			isa = PBXGroup;
			children = (
				5CDEB7712257CA5900CBE98F /* TableViewCell.swift */,
			);
			path = View;
			sourceTree = "<group>";
		};
		5CDEB7742257CB8800CBE98F /* Model */ = {
			isa = PBXGroup;
			children = (
				5CDEB7752257CBA000CBE98F /* InfoModel.swift */,
			);
			path = Model;
			sourceTree = "<group>";
		};
/* End PBXGroup section */

/* Begin PBXNativeTarget section */
		5CDEB7552257B75A00CBE98F /* AXApp */ = {
			isa = PBXNativeTarget;
			buildConfigurationList = 5CDEB7682257B75B00CBE98F /* Build configuration list for PBXNativeTarget "AXApp" */;
			buildPhases = (
				5CDEB7522257B75A00CBE98F /* Sources */,
				5CDEB7532257B75A00CBE98F /* Frameworks */,
				5CDEB7542257B75A00CBE98F /* Resources */,
			);
			buildRules = (
			);
			dependencies = (
			);
			name = AXApp;
			productName = AXApp;
			productReference = 5CDEB7562257B75A00CBE98F /* AXApp.app */;
			productType = "com.apple.product-type.application";
		};
/* End PBXNativeTarget section */

/* Begin PBXProject section */
		5CDEB74E2257B75A00CBE98F /* Project object */ = {
			isa = PBXProject;
			attributes = {
				LastSwiftUpdateCheck = 1020;
				LastUpgradeCheck = 1020;
				ORGANIZATIONNAME = "Rovane Moura";
				TargetAttributes = {
					5CDEB7552257B75A00CBE98F = {
						CreatedOnToolsVersion = 10.2;
					};
				};
			};
			buildConfigurationList = 5CDEB7512257B75A00CBE98F /* Build configuration list for PBXProject "AXApp" */;
			compatibilityVersion = "Xcode 9.3";
			developmentRegion = en;
			hasScannedForEncodings = 0;
			knownRegions = (
				en,
				Base,
			);
			mainGroup = 5CDEB74D2257B75A00CBE98F;
			productRefGroup = 5CDEB7572257B75A00CBE98F /* Products */;
			projectDirPath = "";
			projectRoot = "";
			targets = (
				5CDEB7552257B75A00CBE98F /* AXApp */,
			);
		};
/* End PBXProject section */

/* Begin PBXResourcesBuildPhase section */
		5CDEB7542257B75A00CBE98F /* Resources */ = {
			isa = PBXResourcesBuildPhase;
			buildActionMask = 2147483647;
			files = (
				5CDEB7642257B75B00CBE98F /* LaunchScreen.storyboard in Resources */,
				5CDEB7612257B75B00CBE98F /* Assets.xcassets in Resources */,
				5CDEB75F2257B75A00CBE98F /* Main.storyboard in Resources */,
			);
			runOnlyForDeploymentPostprocessing = 0;
		};
/* End PBXResourcesBuildPhase section */

/* Begin PBXSourcesBuildPhase section */
		5CDEB7522257B75A00CBE98F /* Sources */ = {
			isa = PBXSourcesBuildPhase;
			buildActionMask = 2147483647;
			files = (
				5CDEB7722257CA5900CBE98F /* TableViewCell.swift in Sources */,
				5CDEB76E2257C0D800CBE98F /* TabBarController.swift in Sources */,
				5CDEB7702257C41500CBE98F /* NavigationController.swift in Sources */,
				5CDEB75C2257B75A00CBE98F /* ViewController.swift in Sources */,
				5CDEB75A2257B75A00CBE98F /* AppDelegate.swift in Sources */,
				5CDEB7762257CBA000CBE98F /* InfoModel.swift in Sources */,
			);
			runOnlyForDeploymentPostprocessing = 0;
		};
/* End PBXSourcesBuildPhase section */

/* Begin PBXVariantGroup section */
		5CDEB75D2257B75A00CBE98F /* Main.storyboard */ = {
			isa = PBXVariantGroup;
			children = (
				5CDEB75E2257B75A00CBE98F /* Base */,
			);
			name = Main.storyboard;
			sourceTree = "<group>";
		};
		5CDEB7622257B75B00CBE98F /* LaunchScreen.storyboard */ = {
			isa = PBXVariantGroup;
			children = (
				5CDEB7632257B75B00CBE98F /* Base */,
			);
			name = LaunchScreen.storyboard;
			sourceTree = "<group>";
		};
/* End PBXVariantGroup section */

/* Begin XCBuildConfiguration section */
		5CDEB7662257B75B00CBE98F /* Debug */ = {
			isa = XCBuildConfiguration;
			buildSettings = {
				ALWAYS_SEARCH_USER_PATHS = NO;
				CLANG_ANALYZER_NONNULL = YES;
				CLANG_ANALYZER_NUMBER_OBJECT_CONVERSION = YES_AGGRESSIVE;
				CLANG_CXX_LANGUAGE_STANDARD = "gnu++14";
				CLANG_CXX_LIBRARY = "libc++";
				CLANG_ENABLE_MODULES = YES;
				CLANG_ENABLE_OBJC_ARC = YES;
				CLANG_ENABLE_OBJC_WEAK = YES;
				CLANG_WARN_BLOCK_CAPTURE_AUTORELEASING = YES;
				CLANG_WARN_BOOL_CONVERSION = YES;
				CLANG_WARN_COMMA = YES;
				CLANG_WARN_CONSTANT_CONVERSION = YES;
				CLANG_WARN_DEPRECATED_OBJC_IMPLEMENTATIONS = YES;
				CLANG_WARN_DIRECT_OBJC_ISA_USAGE = YES_ERROR;
				CLANG_WARN_DOCUMENTATION_COMMENTS = YES;
				CLANG_WARN_EMPTY_BODY = YES;
				CLANG_WARN_ENUM_CONVERSION = YES;
				CLANG_WARN_INFINITE_RECURSION = YES;
				CLANG_WARN_INT_CONVERSION = YES;
				CLANG_WARN_NON_LITERAL_NULL_CONVERSION = YES;
				CLANG_WARN_OBJC_IMPLICIT_RETAIN_SELF = YES;
				CLANG_WARN_OBJC_LITERAL_CONVERSION = YES;
				CLANG_WARN_OBJC_ROOT_CLASS = YES_ERROR;
				CLANG_WARN_RANGE_LOOP_ANALYSIS = YES;
				CLANG_WARN_STRICT_PROTOTYPES = YES;
				CLANG_WARN_SUSPICIOUS_MOVE = YES;
				CLANG_WARN_UNGUARDED_AVAILABILITY = YES_AGGRESSIVE;
				CLANG_WARN_UNREACHABLE_CODE = YES;
				CLANG_WARN__DUPLICATE_METHOD_MATCH = YES;
				CODE_SIGN_IDENTITY = "iPhone Developer";
				COPY_PHASE_STRIP = NO;
				DEBUG_INFORMATION_FORMAT = dwarf;
				ENABLE_STRICT_OBJC_MSGSEND = YES;
				ENABLE_TESTABILITY = YES;
				GCC_C_LANGUAGE_STANDARD = gnu11;
				GCC_DYNAMIC_NO_PIC = NO;
				GCC_NO_COMMON_BLOCKS = YES;
				GCC_OPTIMIZATION_LEVEL = 0;
				GCC_PREPROCESSOR_DEFINITIONS = (
					"DEBUG=1",
					"$(inherited)",
				);
				GCC_WARN_64_TO_32_BIT_CONVERSION = YES;
				GCC_WARN_ABOUT_RETURN_TYPE = YES_ERROR;
				GCC_WARN_UNDECLARED_SELECTOR = YES;
				GCC_WARN_UNINITIALIZED_AUTOS = YES_AGGRESSIVE;
				GCC_WARN_UNUSED_FUNCTION = YES;
				GCC_WARN_UNUSED_VARIABLE = YES;
				IPHONEOS_DEPLOYMENT_TARGET = 12.2;
				MTL_ENABLE_DEBUG_INFO = INCLUDE_SOURCE;
				MTL_FAST_MATH = YES;
				ONLY_ACTIVE_ARCH = YES;
				SDKROOT = iphoneos;
				SWIFT_ACTIVE_COMPILATION_CONDITIONS = DEBUG;
				SWIFT_OPTIMIZATION_LEVEL = "-Onone";
			};
			name = Debug;
		};
		5CDEB7672257B75B00CBE98F /* Release */ = {
			isa = XCBuildConfiguration;
			buildSettings = {
				ALWAYS_SEARCH_USER_PATHS = NO;
				CLANG_ANALYZER_NONNULL = YES;
				CLANG_ANALYZER_NUMBER_OBJECT_CONVERSION = YES_AGGRESSIVE;
				CLANG_CXX_LANGUAGE_STANDARD = "gnu++14";
				CLANG_CXX_LIBRARY = "libc++";
				CLANG_ENABLE_MODULES = YES;
				CLANG_ENABLE_OBJC_ARC = YES;
				CLANG_ENABLE_OBJC_WEAK = YES;
				CLANG_WARN_BLOCK_CAPTURE_AUTORELEASING = YES;
				CLANG_WARN_BOOL_CONVERSION = YES;
				CLANG_WARN_COMMA = YES;
				CLANG_WARN_CONSTANT_CONVERSION = YES;
				CLANG_WARN_DEPRECATED_OBJC_IMPLEMENTATIONS = YES;
				CLANG_WARN_DIRECT_OBJC_ISA_USAGE = YES_ERROR;
				CLANG_WARN_DOCUMENTATION_COMMENTS = YES;
				CLANG_WARN_EMPTY_BODY = YES;
				CLANG_WARN_ENUM_CONVERSION = YES;
				CLANG_WARN_INFINITE_RECURSION = YES;
				CLANG_WARN_INT_CONVERSION = YES;
				CLANG_WARN_NON_LITERAL_NULL_CONVERSION = YES;
				CLANG_WARN_OBJC_IMPLICIT_RETAIN_SELF = YES;
				CLANG_WARN_OBJC_LITERAL_CONVERSION = YES;
				CLANG_WARN_OBJC_ROOT_CLASS = YES_ERROR;
				CLANG_WARN_RANGE_LOOP_ANALYSIS = YES;
				CLANG_WARN_STRICT_PROTOTYPES = YES;
				CLANG_WARN_SUSPICIOUS_MOVE = YES;
				CLANG_WARN_UNGUARDED_AVAILABILITY = YES_AGGRESSIVE;
				CLANG_WARN_UNREACHABLE_CODE = YES;
				CLANG_WARN__DUPLICATE_METHOD_MATCH = YES;
				CODE_SIGN_IDENTITY = "iPhone Developer";
				COPY_PHASE_STRIP = NO;
				DEBUG_INFORMATION_FORMAT = "dwarf-with-dsym";
				ENABLE_NS_ASSERTIONS = NO;
				ENABLE_STRICT_OBJC_MSGSEND = YES;
				GCC_C_LANGUAGE_STANDARD = gnu11;
				GCC_NO_COMMON_BLOCKS = YES;
				GCC_WARN_64_TO_32_BIT_CONVERSION = YES;
				GCC_WARN_ABOUT_RETURN_TYPE = YES_ERROR;
				GCC_WARN_UNDECLARED_SELECTOR = YES;
				GCC_WARN_UNINITIALIZED_AUTOS = YES_AGGRESSIVE;
				GCC_WARN_UNUSED_FUNCTION = YES;
				GCC_WARN_UNUSED_VARIABLE = YES;
				IPHONEOS_DEPLOYMENT_TARGET = 12.2;
				MTL_ENABLE_DEBUG_INFO = NO;
				MTL_FAST_MATH = YES;
				SDKROOT = iphoneos;
				SWIFT_COMPILATION_MODE = wholemodule;
				SWIFT_OPTIMIZATION_LEVEL = "-O";
				VALIDATE_PRODUCT = YES;
			};
			name = Release;
		};
		5CDEB7692257B75B00CBE98F /* Debug */ = {
			isa = XCBuildConfiguration;
			buildSettings = {
				ASSETCATALOG_COMPILER_APPICON_NAME = AppIcon;
				CODE_SIGN_STYLE = Automatic;
				INFOPLIST_FILE = "$(SRCROOT)/AXApp/Support/Info.plist";
				LD_RUNPATH_SEARCH_PATHS = (
					"$(inherited)",
					"@executable_path/Frameworks",
				);
				PRODUCT_BUNDLE_IDENTIFIER = RovaneMoura.AXApp;
				PRODUCT_NAME = "$(TARGET_NAME)";
				SWIFT_VERSION = 5.0;
				TARGETED_DEVICE_FAMILY = "1,2";
			};
			name = Debug;
		};
		5CDEB76A2257B75B00CBE98F /* Release */ = {
			isa = XCBuildConfiguration;
			buildSettings = {
				ASSETCATALOG_COMPILER_APPICON_NAME = AppIcon;
				CODE_SIGN_STYLE = Automatic;
				INFOPLIST_FILE = "$(SRCROOT)/AXApp/Support/Info.plist";
				LD_RUNPATH_SEARCH_PATHS = (
					"$(inherited)",
					"@executable_path/Frameworks",
				);
				PRODUCT_BUNDLE_IDENTIFIER = RovaneMoura.AXApp;
				PRODUCT_NAME = "$(TARGET_NAME)";
				SWIFT_VERSION = 5.0;
				TARGETED_DEVICE_FAMILY = "1,2";
			};
			name = Release;
		};
/* End XCBuildConfiguration section */

/* Begin XCConfigurationList section */
		5CDEB7512257B75A00CBE98F /* Build configuration list for PBXProject "AXApp" */ = {
			isa = XCConfigurationList;
			buildConfigurations = (
				5CDEB7662257B75B00CBE98F /* Debug */,
				5CDEB7672257B75B00CBE98F /* Release */,
			);
			defaultConfigurationIsVisible = 0;
			defaultConfigurationName = Release;
		};
		5CDEB7682257B75B00CBE98F /* Build configuration list for PBXNativeTarget "AXApp" */ = {
			isa = XCConfigurationList;
			buildConfigurations = (
				5CDEB7692257B75B00CBE98F /* Debug */,
				5CDEB76A2257B75B00CBE98F /* Release */,
			);
			defaultConfigurationIsVisible = 0;
			defaultConfigurationName = Release;
		};
/* End XCConfigurationList section */
	};
	rootObject = 5CDEB74E2257B75A00CBE98F /* Project object */;
}
